
Microsoft Visual Studio Solution File, Format Version 12.00
# Visual Studio Version 17
VisualStudioVersion = 17.11.35312.102
MinimumVisualStudioVersion = 10.0.40219.1
Project("{FAE04EC0-301F-11D3-BF4B-00C04F79EFBC}") = "THebook", "THebook\THebook.csproj", "{F5A4E224-48B4-455D-A2FB-5017581AC426}"
EndProject
Global
	GlobalSection(SolutionConfigurationPlatforms) = preSolution
		Debug|Any CPU = Debug|Any CPU
		Release|Any CPU = Release|Any CPU
	EndGlobalSection
	GlobalSection(ProjectConfigurationPlatforms) = postSolution
		{F5A4E224-48B4-455D-A2FB-5017581AC426}.Debug|Any CPU.ActiveCfg = Debug|Any CPU
		{F5A4E224-48B4-455D-A2FB-5017581AC426}.Debug|Any CPU.Build.0 = Debug|Any CPU
		{F5A4E224-48B4-455D-A2FB-5017581AC426}.Release|Any CPU.ActiveCfg = Release|Any CPU
		{F5A4E224-48B4-455D-A2FB-5017581AC426}.Release|Any CPU.Build.0 = Release|Any CPU
	EndGlobalSection
	GlobalSection(SolutionProperties) = preSolution
		HideSolutionNode = FALSE
	EndGlobalSection
	GlobalSection(ExtensibilityGlobals) = postSolution
		SolutionGuid = {A555BCEB-E7BF-4515-8834-63DD89F1F877}
	EndGlobalSection
EndGlobal
