
Microsoft Visual Studio Solution File, Format Version 12.00
# Visual Studio Version 17
VisualStudioVersion = 17.5.002.0
MinimumVisualStudioVersion = 10.0.40219.1
Project("{9A19103F-16F7-4668-BE54-9A1E7A4F7556}") = "THebook", "THebook.csproj", "{0B40AAC4-F07C-4E07-A175-1613C555E1F3}"
EndProject
Global
	GlobalSection(SolutionConfigurationPlatforms) = preSolution
		Debug|Any CPU = Debug|Any CPU
		Release|Any CPU = Release|Any CPU
	EndGlobalSection
	GlobalSection(ProjectConfigurationPlatforms) = postSolution
		{0B40AAC4-F07C-4E07-A175-1613C555E1F3}.Debug|Any CPU.ActiveCfg = Debug|Any CPU
		{0B40AAC4-F07C-4E07-A175-1613C555E1F3}.Debug|Any CPU.Build.0 = Debug|Any CPU
		{0B40AAC4-F07C-4E07-A175-1613C555E1F3}.Release|Any CPU.ActiveCfg = Release|Any CPU
		{0B40AAC4-F07C-4E07-A175-1613C555E1F3}.Release|Any CPU.Build.0 = Release|Any CPU
	EndGlobalSection
	GlobalSection(SolutionProperties) = preSolution
		HideSolutionNode = FALSE
	EndGlobalSection
	GlobalSection(ExtensibilityGlobals) = postSolution
		SolutionGuid = {3BBBEC1F-F528-415C-8331-EEF18E7BF79C}
	EndGlobalSection
EndGlobal
